// !$*UTF8*$!
{
	archiveVersion = 1;
	classes = {
	};
	objectVersion = 56;
	objects = {

/* Begin PBXBuildFile section */
		0F3DECA52BA5414B0042580E /* Codigo_DailyVitaApp.swift in Sources */ = {isa = PBXBuildFile; fileRef = 0F3DECA42BA5414B0042580E /* Codigo_DailyVitaApp.swift */; };
		0F3DECA72BA5414B0042580E /* MainView.swift in Sources */ = {isa = PBXBuildFile; fileRef = 0F3DECA62BA5414B0042580E /* MainView.swift */; };
		0F3DECA92BA5414D0042580E /* Assets.xcassets in Resources */ = {isa = PBXBuildFile; fileRef = 0F3DECA82BA5414D0042580E /* Assets.xcassets */; };
		0F3DECAC2BA5414D0042580E /* Preview Assets.xcassets in Resources */ = {isa = PBXBuildFile; fileRef = 0F3DECAB2BA5414D0042580E /* Preview Assets.xcassets */; };
		0F3DECD52BA542D10042580E /* Diets.json in Resources */ = {isa = PBXBuildFile; fileRef = 0F3DECD22BA542D10042580E /* Diets.json */; };
		0F3DECD62BA542D10042580E /* Allergies.json in Resources */ = {isa = PBXBuildFile; fileRef = 0F3DECD32BA542D10042580E /* Allergies.json */; };
		0F3DECD72BA542D10042580E /* Healthconcerns.json in Resources */ = {isa = PBXBuildFile; fileRef = 0F3DECD42BA542D10042580E /* Healthconcerns.json */; };
		0F3DECDA2BA5453D0042580E /* AppColor.swift in Sources */ = {isa = PBXBuildFile; fileRef = 0F3DECD92BA5453D0042580E /* AppColor.swift */; };
		0F3DECDC2BA545BA0042580E /* CustomPadding.swift in Sources */ = {isa = PBXBuildFile; fileRef = 0F3DECDB2BA545BA0042580E /* CustomPadding.swift */; };
		0F3DECDE2BA547320042580E /* CustomFontSize.swift in Sources */ = {isa = PBXBuildFile; fileRef = 0F3DECDD2BA547320042580E /* CustomFontSize.swift */; };
		0F3DECE02BA54A920042580E /* HealthConcernsViewModel.swift in Sources */ = {isa = PBXBuildFile; fileRef = 0F3DECDF2BA54A920042580E /* HealthConcernsViewModel.swift */; };
		0F3DECE22BA54ACF0042580E /* HealthConcernsData.swift in Sources */ = {isa = PBXBuildFile; fileRef = 0F3DECE12BA54ACF0042580E /* HealthConcernsData.swift */; };
		0F3DECE42BA54B5A0042580E /* HealthConcernsView.swift in Sources */ = {isa = PBXBuildFile; fileRef = 0F3DECE32BA54B5A0042580E /* HealthConcernsView.swift */; };
		0F3DECE92BA56E8A0042580E /* DietsData.swift in Sources */ = {isa = PBXBuildFile; fileRef = 0F3DECE82BA56E8A0042580E /* DietsData.swift */; };
		0F3DECEB2BA56E9C0042580E /* DietsViewModel.swift in Sources */ = {isa = PBXBuildFile; fileRef = 0F3DECEA2BA56E9C0042580E /* DietsViewModel.swift */; };
		0F3DECED2BA56EB90042580E /* DietsView.swift in Sources */ = {isa = PBXBuildFile; fileRef = 0F3DECEC2BA56EB90042580E /* DietsView.swift */; };
		0F3DECEF2BA580E80042580E /* QuestionData.swift in Sources */ = {isa = PBXBuildFile; fileRef = 0F3DECEE2BA580E80042580E /* QuestionData.swift */; };
		0F3DECF12BA581080042580E /* QuestionnaireViewModel.swift in Sources */ = {isa = PBXBuildFile; fileRef = 0F3DECF02BA581080042580E /* QuestionnaireViewModel.swift */; };
		0F3DECF32BA5811D0042580E /* QuestionnaireView.swift in Sources */ = {isa = PBXBuildFile; fileRef = 0F3DECF22BA5811D0042580E /* QuestionnaireView.swift */; };
		0F3DECF52BA584B00042580E /* AllergiesData.swift in Sources */ = {isa = PBXBuildFile; fileRef = 0F3DECF42BA584B00042580E /* AllergiesData.swift */; };
		0F3DECF72BA584EF0042580E /* AllergiesViewModel.swift in Sources */ = {isa = PBXBuildFile; fileRef = 0F3DECF62BA584EF0042580E /* AllergiesViewModel.swift */; };
		0F3DECF92BA586300042580E /* AllergiesView.swift in Sources */ = {isa = PBXBuildFile; fileRef = 0F3DECF82BA586300042580E /* AllergiesView.swift */; };
		0F3DECFD2BA5D0520042580E /* ProgressBarView.swift in Sources */ = {isa = PBXBuildFile; fileRef = 0F3DECFC2BA5D0520042580E /* ProgressBarView.swift */; };
/* End PBXBuildFile section */

/* Begin PBXContainerItemProxy section */
		0F3DECB22BA5414D0042580E /* PBXContainerItemProxy */ = {
			isa = PBXContainerItemProxy;
			containerPortal = 0F3DEC992BA5414B0042580E /* Project object */;
			proxyType = 1;
			remoteGlobalIDString = 0F3DECA02BA5414B0042580E;
			remoteInfo = "Codigo DailyVita";
		};
		0F3DECBC2BA5414E0042580E /* PBXContainerItemProxy */ = {
			isa = PBXContainerItemProxy;
			containerPortal = 0F3DEC992BA5414B0042580E /* Project object */;
			proxyType = 1;
			remoteGlobalIDString = 0F3DECA02BA5414B0042580E;
			remoteInfo = "Codigo DailyVita";
		};
/* End PBXContainerItemProxy section */

/* Begin PBXFileReference section */
		0F3DECA12BA5414B0042580E /* Codigo DailyVita.app */ = {isa = PBXFileReference; explicitFileType = wrapper.application; includeInIndex = 0; path = "Codigo DailyVita.app"; sourceTree = BUILT_PRODUCTS_DIR; };
		0F3DECA42BA5414B0042580E /* Codigo_DailyVitaApp.swift */ = {isa = PBXFileReference; lastKnownFileType = sourcecode.swift; path = Codigo_DailyVitaApp.swift; sourceTree = "<group>"; };
		0F3DECA62BA5414B0042580E /* MainView.swift */ = {isa = PBXFileReference; lastKnownFileType = sourcecode.swift; path = MainView.swift; sourceTree = "<group>"; };
		0F3DECA82BA5414D0042580E /* Assets.xcassets */ = {isa = PBXFileReference; lastKnownFileType = folder.assetcatalog; path = Assets.xcassets; sourceTree = "<group>"; };
		0F3DECAB2BA5414D0042580E /* Preview Assets.xcassets */ = {isa = PBXFileReference; lastKnownFileType = folder.assetcatalog; path = "Preview Assets.xcassets"; sourceTree = "<group>"; };
		0F3DECB12BA5414D0042580E /* Codigo DailyVitaTests.xctest */ = {isa = PBXFileReference; explicitFileType = wrapper.cfbundle; includeInIndex = 0; path = "Codigo DailyVitaTests.xctest"; sourceTree = BUILT_PRODUCTS_DIR; };
		0F3DECBB2BA5414E0042580E /* Codigo DailyVitaUITests.xctest */ = {isa = PBXFileReference; explicitFileType = wrapper.cfbundle; includeInIndex = 0; path = "Codigo DailyVitaUITests.xctest"; sourceTree = BUILT_PRODUCTS_DIR; };
		0F3DECD22BA542D10042580E /* Diets.json */ = {isa = PBXFileReference; fileEncoding = 4; lastKnownFileType = text.json; path = Diets.json; sourceTree = "<group>"; };
		0F3DECD32BA542D10042580E /* Allergies.json */ = {isa = PBXFileReference; fileEncoding = 4; lastKnownFileType = text.json; path = Allergies.json; sourceTree = "<group>"; };
		0F3DECD42BA542D10042580E /* Healthconcerns.json */ = {isa = PBXFileReference; fileEncoding = 4; lastKnownFileType = text.json; path = Healthconcerns.json; sourceTree = "<group>"; };
		0F3DECD92BA5453D0042580E /* AppColor.swift */ = {isa = PBXFileReference; lastKnownFileType = sourcecode.swift; path = AppColor.swift; sourceTree = "<group>"; };
		0F3DECDB2BA545BA0042580E /* CustomPadding.swift */ = {isa = PBXFileReference; lastKnownFileType = sourcecode.swift; path = CustomPadding.swift; sourceTree = "<group>"; };
		0F3DECDD2BA547320042580E /* CustomFontSize.swift */ = {isa = PBXFileReference; lastKnownFileType = sourcecode.swift; path = CustomFontSize.swift; sourceTree = "<group>"; };
		0F3DECDF2BA54A920042580E /* HealthConcernsViewModel.swift */ = {isa = PBXFileReference; lastKnownFileType = sourcecode.swift; path = HealthConcernsViewModel.swift; sourceTree = "<group>"; };
		0F3DECE12BA54ACF0042580E /* HealthConcernsData.swift */ = {isa = PBXFileReference; lastKnownFileType = sourcecode.swift; path = HealthConcernsData.swift; sourceTree = "<group>"; };
		0F3DECE32BA54B5A0042580E /* HealthConcernsView.swift */ = {isa = PBXFileReference; lastKnownFileType = sourcecode.swift; path = HealthConcernsView.swift; sourceTree = "<group>"; };
		0F3DECE82BA56E8A0042580E /* DietsData.swift */ = {isa = PBXFileReference; lastKnownFileType = sourcecode.swift; path = DietsData.swift; sourceTree = "<group>"; };
		0F3DECEA2BA56E9C0042580E /* DietsViewModel.swift */ = {isa = PBXFileReference; lastKnownFileType = sourcecode.swift; path = DietsViewModel.swift; sourceTree = "<group>"; };
		0F3DECEC2BA56EB90042580E /* DietsView.swift */ = {isa = PBXFileReference; lastKnownFileType = sourcecode.swift; path = DietsView.swift; sourceTree = "<group>"; };
		0F3DECEE2BA580E80042580E /* QuestionData.swift */ = {isa = PBXFileReference; lastKnownFileType = sourcecode.swift; path = QuestionData.swift; sourceTree = "<group>"; };
		0F3DECF02BA581080042580E /* QuestionnaireViewModel.swift */ = {isa = PBXFileReference; lastKnownFileType = sourcecode.swift; path = QuestionnaireViewModel.swift; sourceTree = "<group>"; };
		0F3DECF22BA5811D0042580E /* QuestionnaireView.swift */ = {isa = PBXFileReference; lastKnownFileType = sourcecode.swift; path = QuestionnaireView.swift; sourceTree = "<group>"; };
		0F3DECF42BA584B00042580E /* AllergiesData.swift */ = {isa = PBXFileReference; lastKnownFileType = sourcecode.swift; path = AllergiesData.swift; sourceTree = "<group>"; };
		0F3DECF62BA584EF0042580E /* AllergiesViewModel.swift */ = {isa = PBXFileReference; lastKnownFileType = sourcecode.swift; path = AllergiesViewModel.swift; sourceTree = "<group>"; };
		0F3DECF82BA586300042580E /* AllergiesView.swift */ = {isa = PBXFileReference; lastKnownFileType = sourcecode.swift; path = AllergiesView.swift; sourceTree = "<group>"; };
		0F3DECFC2BA5D0520042580E /* ProgressBarView.swift */ = {isa = PBXFileReference; lastKnownFileType = sourcecode.swift; path = ProgressBarView.swift; sourceTree = "<group>"; };
/* End PBXFileReference section */

/* Begin PBXFrameworksBuildPhase section */
		0F3DEC9E2BA5414B0042580E /* Frameworks */ = {
			isa = PBXFrameworksBuildPhase;
			buildActionMask = 2147483647;
			files = (
			);
			runOnlyForDeploymentPostprocessing = 0;
		};
		0F3DECAE2BA5414D0042580E /* Frameworks */ = {
			isa = PBXFrameworksBuildPhase;
			buildActionMask = 2147483647;
			files = (
			);
			runOnlyForDeploymentPostprocessing = 0;
		};
		0F3DECB82BA5414E0042580E /* Frameworks */ = {
			isa = PBXFrameworksBuildPhase;
			buildActionMask = 2147483647;
			files = (
			);
			runOnlyForDeploymentPostprocessing = 0;
		};
/* End PBXFrameworksBuildPhase section */

/* Begin PBXGroup section */
		0F3DEC982BA5414B0042580E = {
			isa = PBXGroup;
			children = (
				0F3DECA32BA5414B0042580E /* Codigo DailyVita */,
				0F3DECA22BA5414B0042580E /* Products */,
			);
			sourceTree = "<group>";
		};
		0F3DECA22BA5414B0042580E /* Products */ = {
			isa = PBXGroup;
			children = (
				0F3DECA12BA5414B0042580E /* Codigo DailyVita.app */,
				0F3DECB12BA5414D0042580E /* Codigo DailyVitaTests.xctest */,
				0F3DECBB2BA5414E0042580E /* Codigo DailyVitaUITests.xctest */,
			);
			name = Products;
			sourceTree = "<group>";
		};
		0F3DECA32BA5414B0042580E /* Codigo DailyVita */ = {
			isa = PBXGroup;
			children = (
				0F3DECD82BA543140042580E /* Utils */,
				0F3DECD02BA541AD0042580E /* ViewModels */,
				0F3DECCF2BA541A80042580E /* Views */,
				0F3DECCE2BA541A10042580E /* Models */,
				0F3DECA42BA5414B0042580E /* Codigo_DailyVitaApp.swift */,
				0F3DECA82BA5414D0042580E /* Assets.xcassets */,
				0F3DECAA2BA5414D0042580E /* Preview Content */,
			);
			path = "Codigo DailyVita";
			sourceTree = "<group>";
		};
		0F3DECAA2BA5414D0042580E /* Preview Content */ = {
			isa = PBXGroup;
			children = (
				0F3DECAB2BA5414D0042580E /* Preview Assets.xcassets */,
			);
			path = "Preview Content";
			sourceTree = "<group>";
		};
		0F3DECCE2BA541A10042580E /* Models */ = {
			isa = PBXGroup;
			children = (
				0F3DECD12BA542C20042580E /* JSON */,
				0F3DECE12BA54ACF0042580E /* HealthConcernsData.swift */,
				0F3DECE82BA56E8A0042580E /* DietsData.swift */,
				0F3DECEE2BA580E80042580E /* QuestionData.swift */,
				0F3DECF42BA584B00042580E /* AllergiesData.swift */,
			);
			path = Models;
			sourceTree = "<group>";
		};
		0F3DECCF2BA541A80042580E /* Views */ = {
			isa = PBXGroup;
			children = (
				0F3DECFC2BA5D0520042580E /* ProgressBarView.swift */,
				0F3DECA62BA5414B0042580E /* MainView.swift */,
				0F3DECE32BA54B5A0042580E /* HealthConcernsView.swift */,
				0F3DECEC2BA56EB90042580E /* DietsView.swift */,
				0F3DECF82BA586300042580E /* AllergiesView.swift */,
				0F3DECF22BA5811D0042580E /* QuestionnaireView.swift */,
			);
			path = Views;
			sourceTree = "<group>";
		};
		0F3DECD02BA541AD0042580E /* ViewModels */ = {
			isa = PBXGroup;
			children = (
				0F3DECDF2BA54A920042580E /* HealthConcernsViewModel.swift */,
				0F3DECEA2BA56E9C0042580E /* DietsViewModel.swift */,
				0F3DECF02BA581080042580E /* QuestionnaireViewModel.swift */,
				0F3DECF62BA584EF0042580E /* AllergiesViewModel.swift */,
			);
			path = ViewModels;
			sourceTree = "<group>";
		};
		0F3DECD12BA542C20042580E /* JSON */ = {
			isa = PBXGroup;
			children = (
				0F3DECD32BA542D10042580E /* Allergies.json */,
				0F3DECD22BA542D10042580E /* Diets.json */,
				0F3DECD42BA542D10042580E /* Healthconcerns.json */,
			);
			path = JSON;
			sourceTree = "<group>";
		};
		0F3DECD82BA543140042580E /* Utils */ = {
			isa = PBXGroup;
			children = (
				0F3DECD92BA5453D0042580E /* AppColor.swift */,
				0F3DECDB2BA545BA0042580E /* CustomPadding.swift */,
				0F3DECDD2BA547320042580E /* CustomFontSize.swift */,
			);
			path = Utils;
			sourceTree = "<group>";
		};
/* End PBXGroup section */

/* Begin PBXNativeTarget section */
		0F3DECA02BA5414B0042580E /* Codigo DailyVita */ = {
			isa = PBXNativeTarget;
			buildConfigurationList = 0F3DECC52BA5414E0042580E /* Build configuration list for PBXNativeTarget "Codigo DailyVita" */;
			buildPhases = (
				0F3DEC9D2BA5414B0042580E /* Sources */,
				0F3DEC9E2BA5414B0042580E /* Frameworks */,
				0F3DEC9F2BA5414B0042580E /* Resources */,
			);
			buildRules = (
			);
			dependencies = (
			);
			name = "Codigo DailyVita";
			productName = "Codigo DailyVita";
			productReference = 0F3DECA12BA5414B0042580E /* Codigo DailyVita.app */;
			productType = "com.apple.product-type.application";
		};
		0F3DECB02BA5414D0042580E /* Codigo DailyVitaTests */ = {
			isa = PBXNativeTarget;
			buildConfigurationList = 0F3DECC82BA5414E0042580E /* Build configuration list for PBXNativeTarget "Codigo DailyVitaTests" */;
			buildPhases = (
				0F3DECAD2BA5414D0042580E /* Sources */,
				0F3DECAE2BA5414D0042580E /* Frameworks */,
				0F3DECAF2BA5414D0042580E /* Resources */,
			);
			buildRules = (
			);
			dependencies = (
				0F3DECB32BA5414D0042580E /* PBXTargetDependency */,
			);
			name = "Codigo DailyVitaTests";
			productName = "Codigo DailyVitaTests";
			productReference = 0F3DECB12BA5414D0042580E /* Codigo DailyVitaTests.xctest */;
			productType = "com.apple.product-type.bundle.unit-test";
		};
		0F3DECBA2BA5414E0042580E /* Codigo DailyVitaUITests */ = {
			isa = PBXNativeTarget;
			buildConfigurationList = 0F3DECCB2BA5414E0042580E /* Build configuration list for PBXNativeTarget "Codigo DailyVitaUITests" */;
			buildPhases = (
				0F3DECB72BA5414E0042580E /* Sources */,
				0F3DECB82BA5414E0042580E /* Frameworks */,
				0F3DECB92BA5414E0042580E /* Resources */,
			);
			buildRules = (
			);
			dependencies = (
				0F3DECBD2BA5414E0042580E /* PBXTargetDependency */,
			);
			name = "Codigo DailyVitaUITests";
			productName = "Codigo DailyVitaUITests";
			productReference = 0F3DECBB2BA5414E0042580E /* Codigo DailyVitaUITests.xctest */;
			productType = "com.apple.product-type.bundle.ui-testing";
		};
/* End PBXNativeTarget section */

/* Begin PBXProject section */
		0F3DEC992BA5414B0042580E /* Project object */ = {
			isa = PBXProject;
			attributes = {
				BuildIndependentTargetsInParallel = 1;
				LastSwiftUpdateCheck = 1520;
				LastUpgradeCheck = 1520;
				TargetAttributes = {
					0F3DECA02BA5414B0042580E = {
						CreatedOnToolsVersion = 15.2;
					};
					0F3DECB02BA5414D0042580E = {
						CreatedOnToolsVersion = 15.2;
						TestTargetID = 0F3DECA02BA5414B0042580E;
					};
					0F3DECBA2BA5414E0042580E = {
						CreatedOnToolsVersion = 15.2;
						TestTargetID = 0F3DECA02BA5414B0042580E;
					};
				};
			};
			buildConfigurationList = 0F3DEC9C2BA5414B0042580E /* Build configuration list for PBXProject "Codigo DailyVita" */;
			compatibilityVersion = "Xcode 14.0";
			developmentRegion = en;
			hasScannedForEncodings = 0;
			knownRegions = (
				en,
				Base,
			);
			mainGroup = 0F3DEC982BA5414B0042580E;
			productRefGroup = 0F3DECA22BA5414B0042580E /* Products */;
			projectDirPath = "";
			projectRoot = "";
			targets = (
				0F3DECA02BA5414B0042580E /* Codigo DailyVita */,
				0F3DECB02BA5414D0042580E /* Codigo DailyVitaTests */,
				0F3DECBA2BA5414E0042580E /* Codigo DailyVitaUITests */,
			);
		};
/* End PBXProject section */

/* Begin PBXResourcesBuildPhase section */
		0F3DEC9F2BA5414B0042580E /* Resources */ = {
			isa = PBXResourcesBuildPhase;
			buildActionMask = 2147483647;
			files = (
				0F3DECAC2BA5414D0042580E /* Preview Assets.xcassets in Resources */,
				0F3DECD52BA542D10042580E /* Diets.json in Resources */,
				0F3DECD62BA542D10042580E /* Allergies.json in Resources */,
				0F3DECD72BA542D10042580E /* Healthconcerns.json in Resources */,
				0F3DECA92BA5414D0042580E /* Assets.xcassets in Resources */,
			);
			runOnlyForDeploymentPostprocessing = 0;
		};
		0F3DECAF2BA5414D0042580E /* Resources */ = {
			isa = PBXResourcesBuildPhase;
			buildActionMask = 2147483647;
			files = (
			);
			runOnlyForDeploymentPostprocessing = 0;
		};
		0F3DECB92BA5414E0042580E /* Resources */ = {
			isa = PBXResourcesBuildPhase;
			buildActionMask = 2147483647;
			files = (
			);
			runOnlyForDeploymentPostprocessing = 0;
		};
/* End PBXResourcesBuildPhase section */

/* Begin PBXSourcesBuildPhase section */
		0F3DEC9D2BA5414B0042580E /* Sources */ = {
			isa = PBXSourcesBuildPhase;
			buildActionMask = 2147483647;
			files = (
				0F3DECDC2BA545BA0042580E /* CustomPadding.swift in Sources */,
				0F3DECED2BA56EB90042580E /* DietsView.swift in Sources */,
				0F3DECA72BA5414B0042580E /* MainView.swift in Sources */,
				0F3DECEF2BA580E80042580E /* QuestionData.swift in Sources */,
				0F3DECE22BA54ACF0042580E /* HealthConcernsData.swift in Sources */,
				0F3DECF52BA584B00042580E /* AllergiesData.swift in Sources */,
				0F3DECFD2BA5D0520042580E /* ProgressBarView.swift in Sources */,
				0F3DECA52BA5414B0042580E /* Codigo_DailyVitaApp.swift in Sources */,
				0F3DECF72BA584EF0042580E /* AllergiesViewModel.swift in Sources */,
				0F3DECE92BA56E8A0042580E /* DietsData.swift in Sources */,
				0F3DECE02BA54A920042580E /* HealthConcernsViewModel.swift in Sources */,
				0F3DECEB2BA56E9C0042580E /* DietsViewModel.swift in Sources */,
				0F3DECDE2BA547320042580E /* CustomFontSize.swift in Sources */,
				0F3DECF32BA5811D0042580E /* QuestionnaireView.swift in Sources */,
				0F3DECDA2BA5453D0042580E /* AppColor.swift in Sources */,
				0F3DECE42BA54B5A0042580E /* HealthConcernsView.swift in Sources */,
				0F3DECF12BA581080042580E /* QuestionnaireViewModel.swift in Sources */,
				0F3DECF92BA586300042580E /* AllergiesView.swift in Sources */,
			);
			runOnlyForDeploymentPostprocessing = 0;
		};
		0F3DECAD2BA5414D0042580E /* Sources */ = {
			isa = PBXSourcesBuildPhase;
			buildActionMask = 2147483647;
			files = (
			);
			runOnlyForDeploymentPostprocessing = 0;
		};
		0F3DECB72BA5414E0042580E /* Sources */ = {
			isa = PBXSourcesBuildPhase;
			buildActionMask = 2147483647;
			files = (
			);
			runOnlyForDeploymentPostprocessing = 0;
		};
/* End PBXSourcesBuildPhase section */

/* Begin PBXTargetDependency section */
		0F3DECB32BA5414D0042580E /* PBXTargetDependency */ = {
			isa = PBXTargetDependency;
			target = 0F3DECA02BA5414B0042580E /* Codigo DailyVita */;
			targetProxy = 0F3DECB22BA5414D0042580E /* PBXContainerItemProxy */;
		};
		0F3DECBD2BA5414E0042580E /* PBXTargetDependency */ = {
			isa = PBXTargetDependency;
			target = 0F3DECA02BA5414B0042580E /* Codigo DailyVita */;
			targetProxy = 0F3DECBC2BA5414E0042580E /* PBXContainerItemProxy */;
		};
/* End PBXTargetDependency section */

/* Begin XCBuildConfiguration section */
		0F3DECC32BA5414E0042580E /* Debug */ = {
			isa = XCBuildConfiguration;
			buildSettings = {
				ALWAYS_SEARCH_USER_PATHS = NO;
				ASSETCATALOG_COMPILER_GENERATE_SWIFT_ASSET_SYMBOL_EXTENSIONS = YES;
				CLANG_ANALYZER_NONNULL = YES;
				CLANG_ANALYZER_NUMBER_OBJECT_CONVERSION = YES_AGGRESSIVE;
				CLANG_CXX_LANGUAGE_STANDARD = "gnu++20";
				CLANG_ENABLE_MODULES = YES;
				CLANG_ENABLE_OBJC_ARC = YES;
				CLANG_ENABLE_OBJC_WEAK = YES;
				CLANG_WARN_BLOCK_CAPTURE_AUTORELEASING = YES;
				CLANG_WARN_BOOL_CONVERSION = YES;
				CLANG_WARN_COMMA = YES;
				CLANG_WARN_CONSTANT_CONVERSION = YES;
				CLANG_WARN_DEPRECATED_OBJC_IMPLEMENTATIONS = YES;
				CLANG_WARN_DIRECT_OBJC_ISA_USAGE = YES_ERROR;
				CLANG_WARN_DOCUMENTATION_COMMENTS = YES;
				CLANG_WARN_EMPTY_BODY = YES;
				CLANG_WARN_ENUM_CONVERSION = YES;
				CLANG_WARN_INFINITE_RECURSION = YES;
				CLANG_WARN_INT_CONVERSION = YES;
				CLANG_WARN_NON_LITERAL_NULL_CONVERSION = YES;
				CLANG_WARN_OBJC_IMPLICIT_RETAIN_SELF = YES;
				CLANG_WARN_OBJC_LITERAL_CONVERSION = YES;
				CLANG_WARN_OBJC_ROOT_CLASS = YES_ERROR;
				CLANG_WARN_QUOTED_INCLUDE_IN_FRAMEWORK_HEADER = YES;
				CLANG_WARN_RANGE_LOOP_ANALYSIS = YES;
				CLANG_WARN_STRICT_PROTOTYPES = YES;
				CLANG_WARN_SUSPICIOUS_MOVE = YES;
				CLANG_WARN_UNGUARDED_AVAILABILITY = YES_AGGRESSIVE;
				CLANG_WARN_UNREACHABLE_CODE = YES;
				CLANG_WARN__DUPLICATE_METHOD_MATCH = YES;
				COPY_PHASE_STRIP = NO;
				DEBUG_INFORMATION_FORMAT = dwarf;
				ENABLE_STRICT_OBJC_MSGSEND = YES;
				ENABLE_TESTABILITY = YES;
				ENABLE_USER_SCRIPT_SANDBOXING = YES;
				GCC_C_LANGUAGE_STANDARD = gnu17;
				GCC_DYNAMIC_NO_PIC = NO;
				GCC_NO_COMMON_BLOCKS = YES;
				GCC_OPTIMIZATION_LEVEL = 0;
				GCC_PREPROCESSOR_DEFINITIONS = (
					"DEBUG=1",
					"$(inherited)",
				);
				GCC_WARN_64_TO_32_BIT_CONVERSION = YES;
				GCC_WARN_ABOUT_RETURN_TYPE = YES_ERROR;
				GCC_WARN_UNDECLARED_SELECTOR = YES;
				GCC_WARN_UNINITIALIZED_AUTOS = YES_AGGRESSIVE;
				GCC_WARN_UNUSED_FUNCTION = YES;
				GCC_WARN_UNUSED_VARIABLE = YES;
				IPHONEOS_DEPLOYMENT_TARGET = 17.2;
				LOCALIZATION_PREFERS_STRING_CATALOGS = YES;
				MTL_ENABLE_DEBUG_INFO = INCLUDE_SOURCE;
				MTL_FAST_MATH = YES;
				ONLY_ACTIVE_ARCH = YES;
				SDKROOT = iphoneos;
				SWIFT_ACTIVE_COMPILATION_CONDITIONS = "DEBUG $(inherited)";
				SWIFT_OPTIMIZATION_LEVEL = "-Onone";
			};
			name = Debug;
		};
		0F3DECC42BA5414E0042580E /* Release */ = {
			isa = XCBuildConfiguration;
			buildSettings = {
				ALWAYS_SEARCH_USER_PATHS = NO;
				ASSETCATALOG_COMPILER_GENERATE_SWIFT_ASSET_SYMBOL_EXTENSIONS = YES;
				CLANG_ANALYZER_NONNULL = YES;
				CLANG_ANALYZER_NUMBER_OBJECT_CONVERSION = YES_AGGRESSIVE;
				CLANG_CXX_LANGUAGE_STANDARD = "gnu++20";
				CLANG_ENABLE_MODULES = YES;
				CLANG_ENABLE_OBJC_ARC = YES;
				CLANG_ENABLE_OBJC_WEAK = YES;
				CLANG_WARN_BLOCK_CAPTURE_AUTORELEASING = YES;
				CLANG_WARN_BOOL_CONVERSION = YES;
				CLANG_WARN_COMMA = YES;
				CLANG_WARN_CONSTANT_CONVERSION = YES;
				CLANG_WARN_DEPRECATED_OBJC_IMPLEMENTATIONS = YES;
				CLANG_WARN_DIRECT_OBJC_ISA_USAGE = YES_ERROR;
				CLANG_WARN_DOCUMENTATION_COMMENTS = YES;
				CLANG_WARN_EMPTY_BODY = YES;
				CLANG_WARN_ENUM_CONVERSION = YES;
				CLANG_WARN_INFINITE_RECURSION = YES;
				CLANG_WARN_INT_CONVERSION = YES;
				CLANG_WARN_NON_LITERAL_NULL_CONVERSION = YES;
				CLANG_WARN_OBJC_IMPLICIT_RETAIN_SELF = YES;
				CLANG_WARN_OBJC_LITERAL_CONVERSION = YES;
				CLANG_WARN_OBJC_ROOT_CLASS = YES_ERROR;
				CLANG_WARN_QUOTED_INCLUDE_IN_FRAMEWORK_HEADER = YES;
				CLANG_WARN_RANGE_LOOP_ANALYSIS = YES;
				CLANG_WARN_STRICT_PROTOTYPES = YES;
				CLANG_WARN_SUSPICIOUS_MOVE = YES;
				CLANG_WARN_UNGUARDED_AVAILABILITY = YES_AGGRESSIVE;
				CLANG_WARN_UNREACHABLE_CODE = YES;
				CLANG_WARN__DUPLICATE_METHOD_MATCH = YES;
				COPY_PHASE_STRIP = NO;
				DEBUG_INFORMATION_FORMAT = "dwarf-with-dsym";
				ENABLE_NS_ASSERTIONS = NO;
				ENABLE_STRICT_OBJC_MSGSEND = YES;
				ENABLE_USER_SCRIPT_SANDBOXING = YES;
				GCC_C_LANGUAGE_STANDARD = gnu17;
				GCC_NO_COMMON_BLOCKS = YES;
				GCC_WARN_64_TO_32_BIT_CONVERSION = YES;
				GCC_WARN_ABOUT_RETURN_TYPE = YES_ERROR;
				GCC_WARN_UNDECLARED_SELECTOR = YES;
				GCC_WARN_UNINITIALIZED_AUTOS = YES_AGGRESSIVE;
				GCC_WARN_UNUSED_FUNCTION = YES;
				GCC_WARN_UNUSED_VARIABLE = YES;
				IPHONEOS_DEPLOYMENT_TARGET = 17.2;
				LOCALIZATION_PREFERS_STRING_CATALOGS = YES;
				MTL_ENABLE_DEBUG_INFO = NO;
				MTL_FAST_MATH = YES;
				SDKROOT = iphoneos;
				SWIFT_COMPILATION_MODE = wholemodule;
				VALIDATE_PRODUCT = YES;
			};
			name = Release;
		};
		0F3DECC62BA5414E0042580E /* Debug */ = {
			isa = XCBuildConfiguration;
			buildSettings = {
				ASSETCATALOG_COMPILER_APPICON_NAME = AppIcon;
				ASSETCATALOG_COMPILER_GLOBAL_ACCENT_COLOR_NAME = AccentColor;
				CODE_SIGN_STYLE = Automatic;
				CURRENT_PROJECT_VERSION = 1;
				DEVELOPMENT_ASSET_PATHS = "\"Codigo DailyVita/Preview Content\"";
				ENABLE_PREVIEWS = YES;
				GENERATE_INFOPLIST_FILE = YES;
				INFOPLIST_KEY_UIApplicationSceneManifest_Generation = YES;
				INFOPLIST_KEY_UIApplicationSupportsIndirectInputEvents = YES;
				INFOPLIST_KEY_UILaunchScreen_Generation = YES;
				INFOPLIST_KEY_UISupportedInterfaceOrientations_iPad = "UIInterfaceOrientationPortrait UIInterfaceOrientationPortraitUpsideDown UIInterfaceOrientationLandscapeLeft UIInterfaceOrientationLandscapeRight";
				INFOPLIST_KEY_UISupportedInterfaceOrientations_iPhone = "UIInterfaceOrientationPortrait UIInterfaceOrientationLandscapeLeft UIInterfaceOrientationLandscapeRight";
				LD_RUNPATH_SEARCH_PATHS = (
					"$(inherited)",
					"@executable_path/Frameworks",
				);
				MARKETING_VERSION = 1.0;
				PRODUCT_BUNDLE_IDENTIFIER = "swiftuiTest.Codigo-DailyVita";
				PRODUCT_NAME = "$(TARGET_NAME)";
				SWIFT_EMIT_LOC_STRINGS = YES;
				SWIFT_VERSION = 5.0;
				TARGETED_DEVICE_FAMILY = "1,2";
			};
			name = Debug;
		};
		0F3DECC72BA5414E0042580E /* Release */ = {
			isa = XCBuildConfiguration;
			buildSettings = {
				ASSETCATALOG_COMPILER_APPICON_NAME = AppIcon;
				ASSETCATALOG_COMPILER_GLOBAL_ACCENT_COLOR_NAME = AccentColor;
				CODE_SIGN_STYLE = Automatic;
				CURRENT_PROJECT_VERSION = 1;
				DEVELOPMENT_ASSET_PATHS = "\"Codigo DailyVita/Preview Content\"";
				ENABLE_PREVIEWS = YES;
				GENERATE_INFOPLIST_FILE = YES;
				INFOPLIST_KEY_UIApplicationSceneManifest_Generation = YES;
				INFOPLIST_KEY_UIApplicationSupportsIndirectInputEvents = YES;
				INFOPLIST_KEY_UILaunchScreen_Generation = YES;
				INFOPLIST_KEY_UISupportedInterfaceOrientations_iPad = "UIInterfaceOrientationPortrait UIInterfaceOrientationPortraitUpsideDown UIInterfaceOrientationLandscapeLeft UIInterfaceOrientationLandscapeRight";
				INFOPLIST_KEY_UISupportedInterfaceOrientations_iPhone = "UIInterfaceOrientationPortrait UIInterfaceOrientationLandscapeLeft UIInterfaceOrientationLandscapeRight";
				LD_RUNPATH_SEARCH_PATHS = (
					"$(inherited)",
					"@executable_path/Frameworks",
				);
				MARKETING_VERSION = 1.0;
				PRODUCT_BUNDLE_IDENTIFIER = "swiftuiTest.Codigo-DailyVita";
				PRODUCT_NAME = "$(TARGET_NAME)";
				SWIFT_EMIT_LOC_STRINGS = YES;
				SWIFT_VERSION = 5.0;
				TARGETED_DEVICE_FAMILY = "1,2";
			};
			name = Release;
		};
		0F3DECC92BA5414E0042580E /* Debug */ = {
			isa = XCBuildConfiguration;
			buildSettings = {
				ALWAYS_EMBED_SWIFT_STANDARD_LIBRARIES = YES;
				BUNDLE_LOADER = "$(TEST_HOST)";
				CODE_SIGN_STYLE = Automatic;
				CURRENT_PROJECT_VERSION = 1;
				GENERATE_INFOPLIST_FILE = YES;
				IPHONEOS_DEPLOYMENT_TARGET = 17.2;
				MARKETING_VERSION = 1.0;
				PRODUCT_BUNDLE_IDENTIFIER = "swiftuiTest.Codigo-DailyVitaTests";
				PRODUCT_NAME = "$(TARGET_NAME)";
				SWIFT_EMIT_LOC_STRINGS = NO;
				SWIFT_VERSION = 5.0;
				TARGETED_DEVICE_FAMILY = "1,2";
				TEST_HOST = "$(BUILT_PRODUCTS_DIR)/Codigo DailyVita.app/$(BUNDLE_EXECUTABLE_FOLDER_PATH)/Codigo DailyVita";
			};
			name = Debug;
		};
		0F3DECCA2BA5414E0042580E /* Release */ = {
			isa = XCBuildConfiguration;
			buildSettings = {
				ALWAYS_EMBED_SWIFT_STANDARD_LIBRARIES = YES;
				BUNDLE_LOADER = "$(TEST_HOST)";
				CODE_SIGN_STYLE = Automatic;
				CURRENT_PROJECT_VERSION = 1;
				GENERATE_INFOPLIST_FILE = YES;
				IPHONEOS_DEPLOYMENT_TARGET = 17.2;
				MARKETING_VERSION = 1.0;
				PRODUCT_BUNDLE_IDENTIFIER = "swiftuiTest.Codigo-DailyVitaTests";
				PRODUCT_NAME = "$(TARGET_NAME)";
				SWIFT_EMIT_LOC_STRINGS = NO;
				SWIFT_VERSION = 5.0;
				TARGETED_DEVICE_FAMILY = "1,2";
				TEST_HOST = "$(BUILT_PRODUCTS_DIR)/Codigo DailyVita.app/$(BUNDLE_EXECUTABLE_FOLDER_PATH)/Codigo DailyVita";
			};
			name = Release;
		};
		0F3DECCC2BA5414E0042580E /* Debug */ = {
			isa = XCBuildConfiguration;
			buildSettings = {
				ALWAYS_EMBED_SWIFT_STANDARD_LIBRARIES = YES;
				CODE_SIGN_STYLE = Automatic;
				CURRENT_PROJECT_VERSION = 1;
				GENERATE_INFOPLIST_FILE = YES;
				MARKETING_VERSION = 1.0;
				PRODUCT_BUNDLE_IDENTIFIER = "swiftuiTest.Codigo-DailyVitaUITests";
				PRODUCT_NAME = "$(TARGET_NAME)";
				SWIFT_EMIT_LOC_STRINGS = NO;
				SWIFT_VERSION = 5.0;
				TARGETED_DEVICE_FAMILY = "1,2";
				TEST_TARGET_NAME = "Codigo DailyVita";
			};
			name = Debug;
		};
		0F3DECCD2BA5414E0042580E /* Release */ = {
			isa = XCBuildConfiguration;
			buildSettings = {
				ALWAYS_EMBED_SWIFT_STANDARD_LIBRARIES = YES;
				CODE_SIGN_STYLE = Automatic;
				CURRENT_PROJECT_VERSION = 1;
				GENERATE_INFOPLIST_FILE = YES;
				MARKETING_VERSION = 1.0;
				PRODUCT_BUNDLE_IDENTIFIER = "swiftuiTest.Codigo-DailyVitaUITests";
				PRODUCT_NAME = "$(TARGET_NAME)";
				SWIFT_EMIT_LOC_STRINGS = NO;
				SWIFT_VERSION = 5.0;
				TARGETED_DEVICE_FAMILY = "1,2";
				TEST_TARGET_NAME = "Codigo DailyVita";
			};
			name = Release;
		};
/* End XCBuildConfiguration section */

/* Begin XCConfigurationList section */
		0F3DEC9C2BA5414B0042580E /* Build configuration list for PBXProject "Codigo DailyVita" */ = {
			isa = XCConfigurationList;
			buildConfigurations = (
				0F3DECC32BA5414E0042580E /* Debug */,
				0F3DECC42BA5414E0042580E /* Release */,
			);
			defaultConfigurationIsVisible = 0;
			defaultConfigurationName = Release;
		};
		0F3DECC52BA5414E0042580E /* Build configuration list for PBXNativeTarget "Codigo DailyVita" */ = {
			isa = XCConfigurationList;
			buildConfigurations = (
				0F3DECC62BA5414E0042580E /* Debug */,
				0F3DECC72BA5414E0042580E /* Release */,
			);
			defaultConfigurationIsVisible = 0;
			defaultConfigurationName = Release;
		};
		0F3DECC82BA5414E0042580E /* Build configuration list for PBXNativeTarget "Codigo DailyVitaTests" */ = {
			isa = XCConfigurationList;
			buildConfigurations = (
				0F3DECC92BA5414E0042580E /* Debug */,
				0F3DECCA2BA5414E0042580E /* Release */,
			);
			defaultConfigurationIsVisible = 0;
			defaultConfigurationName = Release;
		};
		0F3DECCB2BA5414E0042580E /* Build configuration list for PBXNativeTarget "Codigo DailyVitaUITests" */ = {
			isa = XCConfigurationList;
			buildConfigurations = (
				0F3DECCC2BA5414E0042580E /* Debug */,
				0F3DECCD2BA5414E0042580E /* Release */,
			);
			defaultConfigurationIsVisible = 0;
			defaultConfigurationName = Release;
		};
/* End XCConfigurationList section */
	};
	rootObject = 0F3DEC992BA5414B0042580E /* Project object */;
}
